
Microsoft Visual Studio Solution File, Format Version 12.00
# Visual Studio Version 16
VisualStudioVersion = 16.0.30413.136
MinimumVisualStudioVersion = 10.0.40219.1
Project("{FAE04EC0-301F-11D3-BF4B-00C04F79EFBC}") = "It'sThatOneThing", "It'sThatOneThing\It'sThatOneThing.csproj", "{94CF2546-39A8-4E8D-8728-43A31B01368D}"
EndProject
Global
	GlobalSection(SolutionConfigurationPlatforms) = preSolution
		Debug|Any CPU = Debug|Any CPU
		Release|Any CPU = Release|Any CPU
	EndGlobalSection
	GlobalSection(ProjectConfigurationPlatforms) = postSolution
		{94CF2546-39A8-4E8D-8728-43A31B01368D}.Debug|Any CPU.ActiveCfg = Debug|Any CPU
		{94CF2546-39A8-4E8D-8728-43A31B01368D}.Debug|Any CPU.Build.0 = Debug|Any CPU
		{94CF2546-39A8-4E8D-8728-43A31B01368D}.Release|Any CPU.ActiveCfg = Release|Any CPU
		{94CF2546-39A8-4E8D-8728-43A31B01368D}.Release|Any CPU.Build.0 = Release|Any CPU
	EndGlobalSection
	GlobalSection(SolutionProperties) = preSolution
		HideSolutionNode = FALSE
	EndGlobalSection
	GlobalSection(ExtensibilityGlobals) = postSolution
		SolutionGuid = {8432A13E-B8D3-41EE-8E86-6D990E13E0DC}
	EndGlobalSection
EndGlobal
